
Microsoft Visual Studio Solution File, Format Version 12.00
# Visual Studio Version 16
VisualStudioVersion = 16.0.31112.23
MinimumVisualStudioVersion = 10.0.40219.1
Project("{2150E333-8FDC-42A3-9474-1A3956D46DE8}") = "src", "src", "{6FB31C17-2EED-4B8D-86A7-5F08D605ED60}"
EndProject
Project("{2150E333-8FDC-42A3-9474-1A3956D46DE8}") = "Core", "Core", "{40FEE4E2-AB3A-4680-AE44-A5B1A568822D}"
EndProject
Project("{FAE04EC0-301F-11D3-BF4B-00C04F79EFBC}") = "ProductApp.Domain", "src\Core\ProductApp.Domain\ProductApp.Domain.csproj", "{76BA4E0E-3CE6-4C89-9630-2275FEC8C500}"
EndProject
Project("{FAE04EC0-301F-11D3-BF4B-00C04F79EFBC}") = "ProductApp.Application", "src\Core\ProductApp.Application\ProductApp.Application.csproj", "{5F993D1D-E349-4C4A-83B6-CA0CC53BF6D0}"
EndProject
Project("{2150E333-8FDC-42A3-9474-1A3956D46DE8}") = "Infrastructure", "Infrastructure", "{6B861489-05E6-4110-AE8D-16609BF87A70}"
EndProject
Project("{FAE04EC0-301F-11D3-BF4B-00C04F79EFBC}") = "ProductApp.Persistence", "ProductApp.Persistence\ProductApp.Persistence.csproj", "{9BDC3D80-6354-4417-BDBD-17E145495074}"
EndProject
Project("{2150E333-8FDC-42A3-9474-1A3956D46DE8}") = "WebApi", "WebApi", "{7F100DD9-E646-47FF-A071-34834AB0C803}"
EndProject
Project("{FAE04EC0-301F-11D3-BF4B-00C04F79EFBC}") = "ProductApp.WebApi", "src\WebApi\ProductApp.WebApi\ProductApp.WebApi.csproj", "{01C583AA-C704-4E3F-8950-76DDA116EEB4}"
EndProject
Global
	GlobalSection(SolutionConfigurationPlatforms) = preSolution
		Debug|Any CPU = Debug|Any CPU
		Release|Any CPU = Release|Any CPU
	EndGlobalSection
	GlobalSection(ProjectConfigurationPlatforms) = postSolution
		{76BA4E0E-3CE6-4C89-9630-2275FEC8C500}.Debug|Any CPU.ActiveCfg = Debug|Any CPU
		{76BA4E0E-3CE6-4C89-9630-2275FEC8C500}.Debug|Any CPU.Build.0 = Debug|Any CPU
		{76BA4E0E-3CE6-4C89-9630-2275FEC8C500}.Release|Any CPU.ActiveCfg = Release|Any CPU
		{76BA4E0E-3CE6-4C89-9630-2275FEC8C500}.Release|Any CPU.Build.0 = Release|Any CPU
		{5F993D1D-E349-4C4A-83B6-CA0CC53BF6D0}.Debug|Any CPU.ActiveCfg = Debug|Any CPU
		{5F993D1D-E349-4C4A-83B6-CA0CC53BF6D0}.Debug|Any CPU.Build.0 = Debug|Any CPU
		{5F993D1D-E349-4C4A-83B6-CA0CC53BF6D0}.Release|Any CPU.ActiveCfg = Release|Any CPU
		{5F993D1D-E349-4C4A-83B6-CA0CC53BF6D0}.Release|Any CPU.Build.0 = Release|Any CPU
		{9BDC3D80-6354-4417-BDBD-17E145495074}.Debug|Any CPU.ActiveCfg = Debug|Any CPU
		{9BDC3D80-6354-4417-BDBD-17E145495074}.Debug|Any CPU.Build.0 = Debug|Any CPU
		{9BDC3D80-6354-4417-BDBD-17E145495074}.Release|Any CPU.ActiveCfg = Release|Any CPU
		{9BDC3D80-6354-4417-BDBD-17E145495074}.Release|Any CPU.Build.0 = Release|Any CPU
		{01C583AA-C704-4E3F-8950-76DDA116EEB4}.Debug|Any CPU.ActiveCfg = Debug|Any CPU
		{01C583AA-C704-4E3F-8950-76DDA116EEB4}.Debug|Any CPU.Build.0 = Debug|Any CPU
		{01C583AA-C704-4E3F-8950-76DDA116EEB4}.Release|Any CPU.ActiveCfg = Release|Any CPU
		{01C583AA-C704-4E3F-8950-76DDA116EEB4}.Release|Any CPU.Build.0 = Release|Any CPU
	EndGlobalSection
	GlobalSection(SolutionProperties) = preSolution
		HideSolutionNode = FALSE
	EndGlobalSection
	GlobalSection(NestedProjects) = preSolution
		{40FEE4E2-AB3A-4680-AE44-A5B1A568822D} = {6FB31C17-2EED-4B8D-86A7-5F08D605ED60}
		{76BA4E0E-3CE6-4C89-9630-2275FEC8C500} = {40FEE4E2-AB3A-4680-AE44-A5B1A568822D}
		{5F993D1D-E349-4C4A-83B6-CA0CC53BF6D0} = {40FEE4E2-AB3A-4680-AE44-A5B1A568822D}
		{6B861489-05E6-4110-AE8D-16609BF87A70} = {6FB31C17-2EED-4B8D-86A7-5F08D605ED60}
		{9BDC3D80-6354-4417-BDBD-17E145495074} = {6B861489-05E6-4110-AE8D-16609BF87A70}
		{7F100DD9-E646-47FF-A071-34834AB0C803} = {6FB31C17-2EED-4B8D-86A7-5F08D605ED60}
		{01C583AA-C704-4E3F-8950-76DDA116EEB4} = {7F100DD9-E646-47FF-A071-34834AB0C803}
	EndGlobalSection
	GlobalSection(ExtensibilityGlobals) = postSolution
		SolutionGuid = {655B205B-7577-483C-BE07-D27D00F22B4E}
	EndGlobalSection
EndGlobal
